
Microsoft Visual Studio Solution File, Format Version 12.00
# Visual Studio 15
VisualStudioVersion = 15.0.28307.329
MinimumVisualStudioVersion = 10.0.40219.1
Project("{FAE04EC0-301F-11D3-BF4B-00C04F79EFBC}") = "UHCL_MovieCart", "UHCL_MovieCart\UHCL_MovieCart.csproj", "{3DA4C8B7-19D0-4D17-A018-38AB485C0829}"
EndProject
Global
	GlobalSection(SolutionConfigurationPlatforms) = preSolution
		Debug|Any CPU = Debug|Any CPU
		Release|Any CPU = Release|Any CPU
	EndGlobalSection
	GlobalSection(ProjectConfigurationPlatforms) = postSolution
		{3DA4C8B7-19D0-4D17-A018-38AB485C0829}.Debug|Any CPU.ActiveCfg = Debug|Any CPU
		{3DA4C8B7-19D0-4D17-A018-38AB485C0829}.Debug|Any CPU.Build.0 = Debug|Any CPU
		{3DA4C8B7-19D0-4D17-A018-38AB485C0829}.Release|Any CPU.ActiveCfg = Release|Any CPU
		{3DA4C8B7-19D0-4D17-A018-38AB485C0829}.Release|Any CPU.Build.0 = Release|Any CPU
	EndGlobalSection
	GlobalSection(SolutionProperties) = preSolution
		HideSolutionNode = FALSE
	EndGlobalSection
	GlobalSection(ExtensibilityGlobals) = postSolution
		SolutionGuid = {E408416A-3671-4F5A-8ACE-6FCB9D256823}
	EndGlobalSection
EndGlobal
